
Microsoft Visual Studio Solution File, Format Version 12.00
# Visual Studio Version 17
VisualStudioVersion = 17.6.33815.320
MinimumVisualStudioVersion = 10.0.40219.1
Project("{2150E333-8FDC-42A3-9474-1A3956D46DE8}") = "Libs", "Libs", "{67C783BC-DF7C-42FE-B696-08489B4C38B0}"
EndProject
Project("{2150E333-8FDC-42A3-9474-1A3956D46DE8}") = "App", "App", "{9EEC01AD-8259-4264-8D2B-A5C9F3594D45}"
EndProject
Project("{8BC9CEB8-8B4A-11D0-8D11-00A0C91BC942}") = "RecCore", "..\..\RecCore\Lib\RecCore.vcxproj", "{DF0830FE-A835-4CBE-A01E-CC993304528D}"
EndProject
Project("{8BC9CEB8-8B4A-11D0-8D11-00A0C91BC942}") = "GBEmu.Lib", "GBEmu.Lib\GBEmu.Lib.vcxproj", "{0040B0D2-0741-4A38-A489-4ACFF5E58814}"
	ProjectSection(ProjectDependencies) = postProject
		{BDEDC5E8-151F-46D3-9458-4B2501F68BCB} = {BDEDC5E8-151F-46D3-9458-4B2501F68BCB}
	EndProjectSection
EndProject
Project("{8BC9CEB8-8B4A-11D0-8D11-00A0C91BC942}") = "GBEmu.Frontend.Win32", "GBEmu.Frontend.Win32\GBEmu.Frontend.Win32.vcxproj", "{07B92AB7-3664-413D-81AA-2C2C705D4294}"
EndProject
Project("{8BC9CEB8-8B4A-11D0-8D11-00A0C91BC942}") = "Emu.Core", "Emu.Core\Emu.Core.vcxproj", "{BDEDC5E8-151F-46D3-9458-4B2501F68BCB}"
EndProject
Project("{8BC9CEB8-8B4A-11D0-8D11-00A0C91BC942}") = "GBEmu.Frontend.UWP", "GBEmu.Frontend.UWP\GBEmu.Frontend.UWP.vcxproj", "{8A8E8DB1-3479-46F9-80A0-02EF8B9DB05F}"
	ProjectSection(ProjectDependencies) = postProject
		{8054C80A-718C-48B9-B4B5-A91D1BF90E08} = {8054C80A-718C-48B9-B4B5-A91D1BF90E08}
	EndProjectSection
EndProject
Project("{8BC9CEB8-8B4A-11D0-8D11-00A0C91BC942}") = "GBEmu.WRC", "GBEmu.WRC\GBEmu.WRC.vcxproj", "{E4FC3A70-A50F-4B8D-9E01-0B92C9BEEC34}"
EndProject
Project("{8BC9CEB8-8B4A-11D0-8D11-00A0C91BC942}") = "GBEmu.Wrapper", "GBEmu.Wrapper\GBEmu.Wrapper.vcxproj", "{0563AA0A-072F-4D6A-BE37-2B28F08E126F}"
EndProject
Project("{8BC9CEB8-8B4A-11D0-8D11-00A0C91BC942}") = "GBEmu.CLR", "GBEmu.CLR\GBEmu.CLR.vcxproj", "{8054C80A-718C-48B9-B4B5-A91D1BF90E08}"
	ProjectSection(ProjectDependencies) = postProject
		{BDEDC5E8-151F-46D3-9458-4B2501F68BCB} = {BDEDC5E8-151F-46D3-9458-4B2501F68BCB}
	EndProjectSection
EndProject
Project("{D954291E-2A0B-460D-934E-DC6B0785DB48}") = "GBEmu.Frontend.Uno.Shared", "GBEmu.Frontend.Uno\GBEmu.Frontend.Uno.Shared\GBEmu.Frontend.Uno.Shared.shproj", "{6279C845-92F8-4333-AB99-3D213163593C}"
EndProject
Project("{9A19103F-16F7-4668-BE54-9A1E7A4F7556}") = "GBEmu.Frontend.Uno.Mobile", "GBEmu.Frontend.Uno\GBEmu.Frontend.Uno.Mobile\GBEmu.Frontend.Uno.Mobile.csproj", "{E08A6F42-CB0C-4B2F-94C9-DEB9D1FDB173}"
EndProject
Project("{FAE04EC0-301F-11D3-BF4B-00C04F79EFBC}") = "GBEmu.Frontend.Uno.Uwp", "GBEmu.Frontend.Uno\GBEmu.Frontend.Uno.UWP\GBEmu.Frontend.Uno.Uwp.csproj", "{904DD8E5-E542-4DAB-8FEB-C1485EB136D1}"
EndProject
Project("{9A19103F-16F7-4668-BE54-9A1E7A4F7556}") = "GBEmu.Frontend.Uno.Skia.Gtk", "GBEmu.Frontend.Uno\GBEmu.Frontend.Uno.Skia.Gtk\GBEmu.Frontend.Uno.Skia.Gtk.csproj", "{70122E0A-8A3A-45F1-8E12-B7C3BC866278}"
EndProject
Project("{9A19103F-16F7-4668-BE54-9A1E7A4F7556}") = "GBEmu.Frontend.Uno.Skia.Wpf", "GBEmu.Frontend.Uno\GBEmu.Frontend.Uno.Skia.WPF\GBEmu.Frontend.Uno.Skia.Wpf.csproj", "{96E71907-6E12-4E85-9A07-BCD348186B12}"
EndProject
Project("{9A19103F-16F7-4668-BE54-9A1E7A4F7556}") = "GBEmu.Frontend.Uno.Skia.Linux.FrameBuffer", "GBEmu.Frontend.Uno\GBEmu.Frontend.Uno.Skia.Linux.FrameBuffer\GBEmu.Frontend.Uno.Skia.Linux.FrameBuffer.csproj", "{C5ACA0F2-4AB2-4538-B0E0-267B01F496C8}"
EndProject
Project("{2150E333-8FDC-42A3-9474-1A3956D46DE8}") = "Uno", "Uno", "{67FFF317-2076-41C9-B36C-40D9B819D75A}"
EndProject
Project("{9A19103F-16F7-4668-BE54-9A1E7A4F7556}") = "GBEmu.Console.Test", "GBEmu.Console.Test\GBEmu.Console.Test.csproj", "{850CBA5A-2421-4101-BFAD-244EC3EAC158}"
EndProject
Project("{2150E333-8FDC-42A3-9474-1A3956D46DE8}") = "MonoGame", "MonoGame", "{B065B790-FEFC-48A1-AF8C-91FC828FAC58}"
EndProject
Project("{FAE04EC0-301F-11D3-BF4B-00C04F79EFBC}") = "GBEmu.Frontend.MonoGame", "GBEmu.Frontend.MonoGame\GBEmu.Frontend.MonoGame.csproj", "{C4C32B19-83AF-4098-8426-DCEB160537D3}"
EndProject
Project("{2150E333-8FDC-42A3-9474-1A3956D46DE8}") = "Maui", "Maui", "{EE0DD519-63FA-4325-AF26-562C836D89C4}"
EndProject
Global
	GlobalSection(SolutionConfigurationPlatforms) = preSolution
		Debug|Any CPU = Debug|Any CPU
		Debug|ARM = Debug|ARM
		Debug|ARM64 = Debug|ARM64
		Debug|Win32 = Debug|Win32
		Debug|x64 = Debug|x64
		Release|Any CPU = Release|Any CPU
		Release|ARM = Release|ARM
		Release|ARM64 = Release|ARM64
		Release|Win32 = Release|Win32
		Release|x64 = Release|x64
	EndGlobalSection
	GlobalSection(ProjectConfigurationPlatforms) = postSolution
		{DF0830FE-A835-4CBE-A01E-CC993304528D}.Debug|Any CPU.ActiveCfg = Debug|x64
		{DF0830FE-A835-4CBE-A01E-CC993304528D}.Debug|Any CPU.Build.0 = Debug|x64
		{DF0830FE-A835-4CBE-A01E-CC993304528D}.Debug|ARM.ActiveCfg = Debug|Win32
		{DF0830FE-A835-4CBE-A01E-CC993304528D}.Debug|ARM64.ActiveCfg = Debug|Win32
		{DF0830FE-A835-4CBE-A01E-CC993304528D}.Debug|Win32.ActiveCfg = Debug|Win32
		{DF0830FE-A835-4CBE-A01E-CC993304528D}.Debug|Win32.Build.0 = Debug|Win32
		{DF0830FE-A835-4CBE-A01E-CC993304528D}.Debug|x64.ActiveCfg = Debug|x64
		{DF0830FE-A835-4CBE-A01E-CC993304528D}.Debug|x64.Build.0 = Debug|x64
		{DF0830FE-A835-4CBE-A01E-CC993304528D}.Release|Any CPU.ActiveCfg = Release|x64
		{DF0830FE-A835-4CBE-A01E-CC993304528D}.Release|Any CPU.Build.0 = Release|x64
		{DF0830FE-A835-4CBE-A01E-CC993304528D}.Release|ARM.ActiveCfg = Release|Win32
		{DF0830FE-A835-4CBE-A01E-CC993304528D}.Release|ARM64.ActiveCfg = Release|Win32
		{DF0830FE-A835-4CBE-A01E-CC993304528D}.Release|Win32.ActiveCfg = Release|Win32
		{DF0830FE-A835-4CBE-A01E-CC993304528D}.Release|Win32.Build.0 = Release|Win32
		{DF0830FE-A835-4CBE-A01E-CC993304528D}.Release|x64.ActiveCfg = Release|x64
		{DF0830FE-A835-4CBE-A01E-CC993304528D}.Release|x64.Build.0 = Release|x64
		{0040B0D2-0741-4A38-A489-4ACFF5E58814}.Debug|Any CPU.ActiveCfg = Debug|x64
		{0040B0D2-0741-4A38-A489-4ACFF5E58814}.Debug|Any CPU.Build.0 = Debug|x64
		{0040B0D2-0741-4A38-A489-4ACFF5E58814}.Debug|ARM.ActiveCfg = Debug|Win32
		{0040B0D2-0741-4A38-A489-4ACFF5E58814}.Debug|ARM64.ActiveCfg = Debug|Win32
		{0040B0D2-0741-4A38-A489-4ACFF5E58814}.Debug|Win32.ActiveCfg = Debug|Win32
		{0040B0D2-0741-4A38-A489-4ACFF5E58814}.Debug|Win32.Build.0 = Debug|Win32
		{0040B0D2-0741-4A38-A489-4ACFF5E58814}.Debug|x64.ActiveCfg = Debug|x64
		{0040B0D2-0741-4A38-A489-4ACFF5E58814}.Debug|x64.Build.0 = Debug|x64
		{0040B0D2-0741-4A38-A489-4ACFF5E58814}.Release|Any CPU.ActiveCfg = Release|x64
		{0040B0D2-0741-4A38-A489-4ACFF5E58814}.Release|Any CPU.Build.0 = Release|x64
		{0040B0D2-0741-4A38-A489-4ACFF5E58814}.Release|ARM.ActiveCfg = Release|Win32
		{0040B0D2-0741-4A38-A489-4ACFF5E58814}.Release|ARM64.ActiveCfg = Release|Win32
		{0040B0D2-0741-4A38-A489-4ACFF5E58814}.Release|Win32.ActiveCfg = Release|Win32
		{0040B0D2-0741-4A38-A489-4ACFF5E58814}.Release|Win32.Build.0 = Release|Win32
		{0040B0D2-0741-4A38-A489-4ACFF5E58814}.Release|x64.ActiveCfg = Release|x64
		{0040B0D2-0741-4A38-A489-4ACFF5E58814}.Release|x64.Build.0 = Release|x64
		{07B92AB7-3664-413D-81AA-2C2C705D4294}.Debug|Any CPU.ActiveCfg = Debug|x64
		{07B92AB7-3664-413D-81AA-2C2C705D4294}.Debug|Any CPU.Build.0 = Debug|x64
		{07B92AB7-3664-413D-81AA-2C2C705D4294}.Debug|ARM.ActiveCfg = Debug|Win32
		{07B92AB7-3664-413D-81AA-2C2C705D4294}.Debug|ARM64.ActiveCfg = Debug|Win32
		{07B92AB7-3664-413D-81AA-2C2C705D4294}.Debug|Win32.ActiveCfg = Debug|Win32
		{07B92AB7-3664-413D-81AA-2C2C705D4294}.Debug|Win32.Build.0 = Debug|Win32
		{07B92AB7-3664-413D-81AA-2C2C705D4294}.Debug|x64.ActiveCfg = Debug|x64
		{07B92AB7-3664-413D-81AA-2C2C705D4294}.Debug|x64.Build.0 = Debug|x64
		{07B92AB7-3664-413D-81AA-2C2C705D4294}.Release|Any CPU.ActiveCfg = Release|x64
		{07B92AB7-3664-413D-81AA-2C2C705D4294}.Release|Any CPU.Build.0 = Release|x64
		{07B92AB7-3664-413D-81AA-2C2C705D4294}.Release|ARM.ActiveCfg = Release|Win32
		{07B92AB7-3664-413D-81AA-2C2C705D4294}.Release|ARM64.ActiveCfg = Release|Win32
		{07B92AB7-3664-413D-81AA-2C2C705D4294}.Release|Win32.ActiveCfg = Release|Win32
		{07B92AB7-3664-413D-81AA-2C2C705D4294}.Release|Win32.Build.0 = Release|Win32
		{07B92AB7-3664-413D-81AA-2C2C705D4294}.Release|x64.ActiveCfg = Release|x64
		{07B92AB7-3664-413D-81AA-2C2C705D4294}.Release|x64.Build.0 = Release|x64
		{BDEDC5E8-151F-46D3-9458-4B2501F68BCB}.Debug|Any CPU.ActiveCfg = Debug|x64
		{BDEDC5E8-151F-46D3-9458-4B2501F68BCB}.Debug|Any CPU.Build.0 = Debug|x64
		{BDEDC5E8-151F-46D3-9458-4B2501F68BCB}.Debug|ARM.ActiveCfg = Debug|Win32
		{BDEDC5E8-151F-46D3-9458-4B2501F68BCB}.Debug|ARM64.ActiveCfg = Debug|Win32
		{BDEDC5E8-151F-46D3-9458-4B2501F68BCB}.Debug|Win32.ActiveCfg = Debug|Win32
		{BDEDC5E8-151F-46D3-9458-4B2501F68BCB}.Debug|Win32.Build.0 = Debug|Win32
		{BDEDC5E8-151F-46D3-9458-4B2501F68BCB}.Debug|x64.ActiveCfg = Debug|x64
		{BDEDC5E8-151F-46D3-9458-4B2501F68BCB}.Debug|x64.Build.0 = Debug|x64
		{BDEDC5E8-151F-46D3-9458-4B2501F68BCB}.Release|Any CPU.ActiveCfg = Release|x64
		{BDEDC5E8-151F-46D3-9458-4B2501F68BCB}.Release|Any CPU.Build.0 = Release|x64
		{BDEDC5E8-151F-46D3-9458-4B2501F68BCB}.Release|ARM.ActiveCfg = Release|Win32
		{BDEDC5E8-151F-46D3-9458-4B2501F68BCB}.Release|ARM64.ActiveCfg = Release|Win32
		{BDEDC5E8-151F-46D3-9458-4B2501F68BCB}.Release|Win32.ActiveCfg = Release|Win32
		{BDEDC5E8-151F-46D3-9458-4B2501F68BCB}.Release|Win32.Build.0 = Release|Win32
		{BDEDC5E8-151F-46D3-9458-4B2501F68BCB}.Release|x64.ActiveCfg = Release|x64
		{BDEDC5E8-151F-46D3-9458-4B2501F68BCB}.Release|x64.Build.0 = Release|x64
		{8A8E8DB1-3479-46F9-80A0-02EF8B9DB05F}.Debug|Any CPU.ActiveCfg = Debug|x64
		{8A8E8DB1-3479-46F9-80A0-02EF8B9DB05F}.Debug|ARM.ActiveCfg = Debug|ARM
		{8A8E8DB1-3479-46F9-80A0-02EF8B9DB05F}.Debug|ARM.Build.0 = Debug|ARM
		{8A8E8DB1-3479-46F9-80A0-02EF8B9DB05F}.Debug|ARM.Deploy.0 = Debug|ARM
		{8A8E8DB1-3479-46F9-80A0-02EF8B9DB05F}.Debug|ARM64.ActiveCfg = Debug|ARM64
		{8A8E8DB1-3479-46F9-80A0-02EF8B9DB05F}.Debug|ARM64.Build.0 = Debug|ARM64
		{8A8E8DB1-3479-46F9-80A0-02EF8B9DB05F}.Debug|ARM64.Deploy.0 = Debug|ARM64
		{8A8E8DB1-3479-46F9-80A0-02EF8B9DB05F}.Debug|Win32.ActiveCfg = Debug|Win32
		{8A8E8DB1-3479-46F9-80A0-02EF8B9DB05F}.Debug|Win32.Build.0 = Debug|Win32
		{8A8E8DB1-3479-46F9-80A0-02EF8B9DB05F}.Debug|Win32.Deploy.0 = Debug|Win32
		{8A8E8DB1-3479-46F9-80A0-02EF8B9DB05F}.Debug|x64.ActiveCfg = Debug|x64
		{8A8E8DB1-3479-46F9-80A0-02EF8B9DB05F}.Debug|x64.Build.0 = Debug|x64
		{8A8E8DB1-3479-46F9-80A0-02EF8B9DB05F}.Debug|x64.Deploy.0 = Debug|x64
		{8A8E8DB1-3479-46F9-80A0-02EF8B9DB05F}.Release|Any CPU.ActiveCfg = Release|x64
		{8A8E8DB1-3479-46F9-80A0-02EF8B9DB05F}.Release|ARM.ActiveCfg = Release|ARM
		{8A8E8DB1-3479-46F9-80A0-02EF8B9DB05F}.Release|ARM.Build.0 = Release|ARM
		{8A8E8DB1-3479-46F9-80A0-02EF8B9DB05F}.Release|ARM.Deploy.0 = Release|ARM
		{8A8E8DB1-3479-46F9-80A0-02EF8B9DB05F}.Release|ARM64.ActiveCfg = Release|ARM64
		{8A8E8DB1-3479-46F9-80A0-02EF8B9DB05F}.Release|ARM64.Build.0 = Release|ARM64
		{8A8E8DB1-3479-46F9-80A0-02EF8B9DB05F}.Release|ARM64.Deploy.0 = Release|ARM64
		{8A8E8DB1-3479-46F9-80A0-02EF8B9DB05F}.Release|Win32.ActiveCfg = Release|Win32
		{8A8E8DB1-3479-46F9-80A0-02EF8B9DB05F}.Release|Win32.Build.0 = Release|Win32
		{8A8E8DB1-3479-46F9-80A0-02EF8B9DB05F}.Release|Win32.Deploy.0 = Release|Win32
		{8A8E8DB1-3479-46F9-80A0-02EF8B9DB05F}.Release|x64.ActiveCfg = Release|x64
		{8A8E8DB1-3479-46F9-80A0-02EF8B9DB05F}.Release|x64.Build.0 = Release|x64
		{8A8E8DB1-3479-46F9-80A0-02EF8B9DB05F}.Release|x64.Deploy.0 = Release|x64
		{E4FC3A70-A50F-4B8D-9E01-0B92C9BEEC34}.Debug|Any CPU.ActiveCfg = Debug|x64
		{E4FC3A70-A50F-4B8D-9E01-0B92C9BEEC34}.Debug|ARM.ActiveCfg = Debug|ARM
		{E4FC3A70-A50F-4B8D-9E01-0B92C9BEEC34}.Debug|ARM.Build.0 = Debug|ARM
		{E4FC3A70-A50F-4B8D-9E01-0B92C9BEEC34}.Debug|ARM64.ActiveCfg = Debug|ARM64
		{E4FC3A70-A50F-4B8D-9E01-0B92C9BEEC34}.Debug|ARM64.Build.0 = Debug|ARM64
		{E4FC3A70-A50F-4B8D-9E01-0B92C9BEEC34}.Debug|Win32.ActiveCfg = Debug|Win32
		{E4FC3A70-A50F-4B8D-9E01-0B92C9BEEC34}.Debug|Win32.Build.0 = Debug|Win32
		{E4FC3A70-A50F-4B8D-9E01-0B92C9BEEC34}.Debug|x64.ActiveCfg = Debug|x64
		{E4FC3A70-A50F-4B8D-9E01-0B92C9BEEC34}.Debug|x64.Build.0 = Debug|x64
		{E4FC3A70-A50F-4B8D-9E01-0B92C9BEEC34}.Release|Any CPU.ActiveCfg = Release|x64
		{E4FC3A70-A50F-4B8D-9E01-0B92C9BEEC34}.Release|ARM.ActiveCfg = Release|ARM
		{E4FC3A70-A50F-4B8D-9E01-0B92C9BEEC34}.Release|ARM.Build.0 = Release|ARM
		{E4FC3A70-A50F-4B8D-9E01-0B92C9BEEC34}.Release|ARM64.ActiveCfg = Release|ARM64
		{E4FC3A70-A50F-4B8D-9E01-0B92C9BEEC34}.Release|ARM64.Build.0 = Release|ARM64
		{E4FC3A70-A50F-4B8D-9E01-0B92C9BEEC34}.Release|Win32.ActiveCfg = Release|Win32
		{E4FC3A70-A50F-4B8D-9E01-0B92C9BEEC34}.Release|Win32.Build.0 = Release|Win32
		{E4FC3A70-A50F-4B8D-9E01-0B92C9BEEC34}.Release|x64.ActiveCfg = Release|x64
		{E4FC3A70-A50F-4B8D-9E01-0B92C9BEEC34}.Release|x64.Build.0 = Release|x64
		{0563AA0A-072F-4D6A-BE37-2B28F08E126F}.Debug|Any CPU.ActiveCfg = Debug|x64
		{0563AA0A-072F-4D6A-BE37-2B28F08E126F}.Debug|ARM.ActiveCfg = Debug|x64
		{0563AA0A-072F-4D6A-BE37-2B28F08E126F}.Debug|ARM.Build.0 = Debug|x64
		{0563AA0A-072F-4D6A-BE37-2B28F08E126F}.Debug|ARM64.ActiveCfg = Debug|x64
		{0563AA0A-072F-4D6A-BE37-2B28F08E126F}.Debug|ARM64.Build.0 = Debug|x64
		{0563AA0A-072F-4D6A-BE37-2B28F08E126F}.Debug|Win32.ActiveCfg = Debug|Win32
		{0563AA0A-072F-4D6A-BE37-2B28F08E126F}.Debug|Win32.Build.0 = Debug|Win32
		{0563AA0A-072F-4D6A-BE37-2B28F08E126F}.Debug|x64.ActiveCfg = Debug|x64
		{0563AA0A-072F-4D6A-BE37-2B28F08E126F}.Debug|x64.Build.0 = Debug|x64
		{0563AA0A-072F-4D6A-BE37-2B28F08E126F}.Release|Any CPU.ActiveCfg = Release|x64
		{0563AA0A-072F-4D6A-BE37-2B28F08E126F}.Release|ARM.ActiveCfg = Release|x64
		{0563AA0A-072F-4D6A-BE37-2B28F08E126F}.Release|ARM.Build.0 = Release|x64
		{0563AA0A-072F-4D6A-BE37-2B28F08E126F}.Release|ARM64.ActiveCfg = Release|x64
		{0563AA0A-072F-4D6A-BE37-2B28F08E126F}.Release|ARM64.Build.0 = Release|x64
		{0563AA0A-072F-4D6A-BE37-2B28F08E126F}.Release|Win32.ActiveCfg = Release|Win32
		{0563AA0A-072F-4D6A-BE37-2B28F08E126F}.Release|Win32.Build.0 = Release|Win32
		{0563AA0A-072F-4D6A-BE37-2B28F08E126F}.Release|x64.ActiveCfg = Release|x64
		{0563AA0A-072F-4D6A-BE37-2B28F08E126F}.Release|x64.Build.0 = Release|x64
		{8054C80A-718C-48B9-B4B5-A91D1BF90E08}.Debug|Any CPU.ActiveCfg = Debug|x64
		{8054C80A-718C-48B9-B4B5-A91D1BF90E08}.Debug|Any CPU.Build.0 = Debug|x64
		{8054C80A-718C-48B9-B4B5-A91D1BF90E08}.Debug|ARM.ActiveCfg = Debug|x64
		{8054C80A-718C-48B9-B4B5-A91D1BF90E08}.Debug|ARM.Build.0 = Debug|x64
		{8054C80A-718C-48B9-B4B5-A91D1BF90E08}.Debug|ARM64.ActiveCfg = Debug|x64
		{8054C80A-718C-48B9-B4B5-A91D1BF90E08}.Debug|ARM64.Build.0 = Debug|x64
		{8054C80A-718C-48B9-B4B5-A91D1BF90E08}.Debug|Win32.ActiveCfg = Debug|Win32
		{8054C80A-718C-48B9-B4B5-A91D1BF90E08}.Debug|Win32.Build.0 = Debug|Win32
		{8054C80A-718C-48B9-B4B5-A91D1BF90E08}.Debug|x64.ActiveCfg = Debug|x64
		{8054C80A-718C-48B9-B4B5-A91D1BF90E08}.Debug|x64.Build.0 = Debug|x64
		{8054C80A-718C-48B9-B4B5-A91D1BF90E08}.Release|Any CPU.ActiveCfg = Release|x64
		{8054C80A-718C-48B9-B4B5-A91D1BF90E08}.Release|Any CPU.Build.0 = Release|x64
		{8054C80A-718C-48B9-B4B5-A91D1BF90E08}.Release|ARM.ActiveCfg = Release|x64
		{8054C80A-718C-48B9-B4B5-A91D1BF90E08}.Release|ARM.Build.0 = Release|x64
		{8054C80A-718C-48B9-B4B5-A91D1BF90E08}.Release|ARM64.ActiveCfg = Release|x64
		{8054C80A-718C-48B9-B4B5-A91D1BF90E08}.Release|ARM64.Build.0 = Release|x64
		{8054C80A-718C-48B9-B4B5-A91D1BF90E08}.Release|Win32.ActiveCfg = Release|Win32
		{8054C80A-718C-48B9-B4B5-A91D1BF90E08}.Release|Win32.Build.0 = Release|Win32
		{8054C80A-718C-48B9-B4B5-A91D1BF90E08}.Release|x64.ActiveCfg = Release|x64
		{8054C80A-718C-48B9-B4B5-A91D1BF90E08}.Release|x64.Build.0 = Release|x64
		{E08A6F42-CB0C-4B2F-94C9-DEB9D1FDB173}.Debug|Any CPU.ActiveCfg = Debug|Any CPU
		{E08A6F42-CB0C-4B2F-94C9-DEB9D1FDB173}.Debug|Any CPU.Build.0 = Debug|Any CPU
		{E08A6F42-CB0C-4B2F-94C9-DEB9D1FDB173}.Debug|Any CPU.Deploy.0 = Debug|Any CPU
		{E08A6F42-CB0C-4B2F-94C9-DEB9D1FDB173}.Debug|ARM.ActiveCfg = Debug|Any CPU
		{E08A6F42-CB0C-4B2F-94C9-DEB9D1FDB173}.Debug|ARM.Build.0 = Debug|Any CPU
		{E08A6F42-CB0C-4B2F-94C9-DEB9D1FDB173}.Debug|ARM.Deploy.0 = Debug|Any CPU
		{E08A6F42-CB0C-4B2F-94C9-DEB9D1FDB173}.Debug|ARM64.ActiveCfg = Debug|Any CPU
		{E08A6F42-CB0C-4B2F-94C9-DEB9D1FDB173}.Debug|ARM64.Build.0 = Debug|Any CPU
		{E08A6F42-CB0C-4B2F-94C9-DEB9D1FDB173}.Debug|ARM64.Deploy.0 = Debug|Any CPU
		{E08A6F42-CB0C-4B2F-94C9-DEB9D1FDB173}.Debug|Win32.ActiveCfg = Debug|Any CPU
		{E08A6F42-CB0C-4B2F-94C9-DEB9D1FDB173}.Debug|Win32.Build.0 = Debug|Any CPU
		{E08A6F42-CB0C-4B2F-94C9-DEB9D1FDB173}.Debug|Win32.Deploy.0 = Debug|Any CPU
		{E08A6F42-CB0C-4B2F-94C9-DEB9D1FDB173}.Debug|x64.ActiveCfg = Debug|Any CPU
		{E08A6F42-CB0C-4B2F-94C9-DEB9D1FDB173}.Debug|x64.Build.0 = Debug|Any CPU
		{E08A6F42-CB0C-4B2F-94C9-DEB9D1FDB173}.Debug|x64.Deploy.0 = Debug|Any CPU
		{E08A6F42-CB0C-4B2F-94C9-DEB9D1FDB173}.Release|Any CPU.ActiveCfg = Release|Any CPU
		{E08A6F42-CB0C-4B2F-94C9-DEB9D1FDB173}.Release|Any CPU.Build.0 = Release|Any CPU
		{E08A6F42-CB0C-4B2F-94C9-DEB9D1FDB173}.Release|Any CPU.Deploy.0 = Release|Any CPU
		{E08A6F42-CB0C-4B2F-94C9-DEB9D1FDB173}.Release|ARM.ActiveCfg = Release|Any CPU
		{E08A6F42-CB0C-4B2F-94C9-DEB9D1FDB173}.Release|ARM.Build.0 = Release|Any CPU
		{E08A6F42-CB0C-4B2F-94C9-DEB9D1FDB173}.Release|ARM.Deploy.0 = Release|Any CPU
		{E08A6F42-CB0C-4B2F-94C9-DEB9D1FDB173}.Release|ARM64.ActiveCfg = Release|Any CPU
		{E08A6F42-CB0C-4B2F-94C9-DEB9D1FDB173}.Release|ARM64.Build.0 = Release|Any CPU
		{E08A6F42-CB0C-4B2F-94C9-DEB9D1FDB173}.Release|ARM64.Deploy.0 = Release|Any CPU
		{E08A6F42-CB0C-4B2F-94C9-DEB9D1FDB173}.Release|Win32.ActiveCfg = Release|Any CPU
		{E08A6F42-CB0C-4B2F-94C9-DEB9D1FDB173}.Release|Win32.Build.0 = Release|Any CPU
		{E08A6F42-CB0C-4B2F-94C9-DEB9D1FDB173}.Release|Win32.Deploy.0 = Release|Any CPU
		{E08A6F42-CB0C-4B2F-94C9-DEB9D1FDB173}.Release|x64.ActiveCfg = Release|Any CPU
		{E08A6F42-CB0C-4B2F-94C9-DEB9D1FDB173}.Release|x64.Build.0 = Release|Any CPU
		{E08A6F42-CB0C-4B2F-94C9-DEB9D1FDB173}.Release|x64.Deploy.0 = Release|Any CPU
		{904DD8E5-E542-4DAB-8FEB-C1485EB136D1}.Debug|Any CPU.ActiveCfg = Debug|x64
		{904DD8E5-E542-4DAB-8FEB-C1485EB136D1}.Debug|Any CPU.Build.0 = Debug|x64
		{904DD8E5-E542-4DAB-8FEB-C1485EB136D1}.Debug|Any CPU.Deploy.0 = Debug|x64
		{904DD8E5-E542-4DAB-8FEB-C1485EB136D1}.Debug|ARM.ActiveCfg = Debug|ARM
		{904DD8E5-E542-4DAB-8FEB-C1485EB136D1}.Debug|ARM.Build.0 = Debug|ARM
		{904DD8E5-E542-4DAB-8FEB-C1485EB136D1}.Debug|ARM.Deploy.0 = Debug|ARM
		{904DD8E5-E542-4DAB-8FEB-C1485EB136D1}.Debug|ARM64.ActiveCfg = Debug|ARM64
		{904DD8E5-E542-4DAB-8FEB-C1485EB136D1}.Debug|ARM64.Build.0 = Debug|ARM64
		{904DD8E5-E542-4DAB-8FEB-C1485EB136D1}.Debug|ARM64.Deploy.0 = Debug|ARM64
		{904DD8E5-E542-4DAB-8FEB-C1485EB136D1}.Debug|Win32.ActiveCfg = Debug|x86
		{904DD8E5-E542-4DAB-8FEB-C1485EB136D1}.Debug|Win32.Build.0 = Debug|x86
		{904DD8E5-E542-4DAB-8FEB-C1485EB136D1}.Debug|Win32.Deploy.0 = Debug|x86
		{904DD8E5-E542-4DAB-8FEB-C1485EB136D1}.Debug|x64.ActiveCfg = Debug|x64
		{904DD8E5-E542-4DAB-8FEB-C1485EB136D1}.Debug|x64.Build.0 = Debug|x64
		{904DD8E5-E542-4DAB-8FEB-C1485EB136D1}.Debug|x64.Deploy.0 = Debug|x64
		{904DD8E5-E542-4DAB-8FEB-C1485EB136D1}.Release|Any CPU.ActiveCfg = Release|x64
		{904DD8E5-E542-4DAB-8FEB-C1485EB136D1}.Release|Any CPU.Build.0 = Release|x64
		{904DD8E5-E542-4DAB-8FEB-C1485EB136D1}.Release|Any CPU.Deploy.0 = Release|x64
		{904DD8E5-E542-4DAB-8FEB-C1485EB136D1}.Release|ARM.ActiveCfg = Release|ARM
		{904DD8E5-E542-4DAB-8FEB-C1485EB136D1}.Release|ARM.Build.0 = Release|ARM
		{904DD8E5-E542-4DAB-8FEB-C1485EB136D1}.Release|ARM.Deploy.0 = Release|ARM
		{904DD8E5-E542-4DAB-8FEB-C1485EB136D1}.Release|ARM64.ActiveCfg = Release|ARM64
		{904DD8E5-E542-4DAB-8FEB-C1485EB136D1}.Release|ARM64.Build.0 = Release|ARM64
		{904DD8E5-E542-4DAB-8FEB-C1485EB136D1}.Release|ARM64.Deploy.0 = Release|ARM64
		{904DD8E5-E542-4DAB-8FEB-C1485EB136D1}.Release|Win32.ActiveCfg = Release|x86
		{904DD8E5-E542-4DAB-8FEB-C1485EB136D1}.Release|Win32.Build.0 = Release|x86
		{904DD8E5-E542-4DAB-8FEB-C1485EB136D1}.Release|Win32.Deploy.0 = Release|x86
		{904DD8E5-E542-4DAB-8FEB-C1485EB136D1}.Release|x64.ActiveCfg = Release|x64
		{904DD8E5-E542-4DAB-8FEB-C1485EB136D1}.Release|x64.Build.0 = Release|x64
		{904DD8E5-E542-4DAB-8FEB-C1485EB136D1}.Release|x64.Deploy.0 = Release|x64
		{70122E0A-8A3A-45F1-8E12-B7C3BC866278}.Debug|Any CPU.ActiveCfg = Debug|Any CPU
		{70122E0A-8A3A-45F1-8E12-B7C3BC866278}.Debug|Any CPU.Build.0 = Debug|Any CPU
		{70122E0A-8A3A-45F1-8E12-B7C3BC866278}.Debug|ARM.ActiveCfg = Debug|Any CPU
		{70122E0A-8A3A-45F1-8E12-B7C3BC866278}.Debug|ARM.Build.0 = Debug|Any CPU
		{70122E0A-8A3A-45F1-8E12-B7C3BC866278}.Debug|ARM64.ActiveCfg = Debug|Any CPU
		{70122E0A-8A3A-45F1-8E12-B7C3BC866278}.Debug|ARM64.Build.0 = Debug|Any CPU
		{70122E0A-8A3A-45F1-8E12-B7C3BC866278}.Debug|Win32.ActiveCfg = Debug|Any CPU
		{70122E0A-8A3A-45F1-8E12-B7C3BC866278}.Debug|Win32.Build.0 = Debug|Any CPU
		{70122E0A-8A3A-45F1-8E12-B7C3BC866278}.Debug|x64.ActiveCfg = Debug|Any CPU
		{70122E0A-8A3A-45F1-8E12-B7C3BC866278}.Debug|x64.Build.0 = Debug|Any CPU
		{70122E0A-8A3A-45F1-8E12-B7C3BC866278}.Release|Any CPU.ActiveCfg = Release|Any CPU
		{70122E0A-8A3A-45F1-8E12-B7C3BC866278}.Release|Any CPU.Build.0 = Release|Any CPU
		{70122E0A-8A3A-45F1-8E12-B7C3BC866278}.Release|ARM.ActiveCfg = Release|Any CPU
		{70122E0A-8A3A-45F1-8E12-B7C3BC866278}.Release|ARM.Build.0 = Release|Any CPU
		{70122E0A-8A3A-45F1-8E12-B7C3BC866278}.Release|ARM64.ActiveCfg = Release|Any CPU
		{70122E0A-8A3A-45F1-8E12-B7C3BC866278}.Release|ARM64.Build.0 = Release|Any CPU
		{70122E0A-8A3A-45F1-8E12-B7C3BC866278}.Release|Win32.ActiveCfg = Release|Any CPU
		{70122E0A-8A3A-45F1-8E12-B7C3BC866278}.Release|Win32.Build.0 = Release|Any CPU
		{70122E0A-8A3A-45F1-8E12-B7C3BC866278}.Release|x64.ActiveCfg = Release|Any CPU
		{70122E0A-8A3A-45F1-8E12-B7C3BC866278}.Release|x64.Build.0 = Release|Any CPU
		{96E71907-6E12-4E85-9A07-BCD348186B12}.Debug|Any CPU.ActiveCfg = Debug|Any CPU
		{96E71907-6E12-4E85-9A07-BCD348186B12}.Debug|Any CPU.Build.0 = Debug|Any CPU
		{96E71907-6E12-4E85-9A07-BCD348186B12}.Debug|ARM.ActiveCfg = Debug|Any CPU
		{96E71907-6E12-4E85-9A07-BCD348186B12}.Debug|ARM.Build.0 = Debug|Any CPU
		{96E71907-6E12-4E85-9A07-BCD348186B12}.Debug|ARM64.ActiveCfg = Debug|Any CPU
		{96E71907-6E12-4E85-9A07-BCD348186B12}.Debug|ARM64.Build.0 = Debug|Any CPU
		{96E71907-6E12-4E85-9A07-BCD348186B12}.Debug|Win32.ActiveCfg = Debug|Any CPU
		{96E71907-6E12-4E85-9A07-BCD348186B12}.Debug|Win32.Build.0 = Debug|Any CPU
		{96E71907-6E12-4E85-9A07-BCD348186B12}.Debug|x64.ActiveCfg = Debug|Any CPU
		{96E71907-6E12-4E85-9A07-BCD348186B12}.Debug|x64.Build.0 = Debug|Any CPU
		{96E71907-6E12-4E85-9A07-BCD348186B12}.Release|Any CPU.ActiveCfg = Release|Any CPU
		{96E71907-6E12-4E85-9A07-BCD348186B12}.Release|Any CPU.Build.0 = Release|Any CPU
		{96E71907-6E12-4E85-9A07-BCD348186B12}.Release|ARM.ActiveCfg = Release|Any CPU
		{96E71907-6E12-4E85-9A07-BCD348186B12}.Release|ARM.Build.0 = Release|Any CPU
		{96E71907-6E12-4E85-9A07-BCD348186B12}.Release|ARM64.ActiveCfg = Release|Any CPU
		{96E71907-6E12-4E85-9A07-BCD348186B12}.Release|ARM64.Build.0 = Release|Any CPU
		{96E71907-6E12-4E85-9A07-BCD348186B12}.Release|Win32.ActiveCfg = Release|Any CPU
		{96E71907-6E12-4E85-9A07-BCD348186B12}.Release|Win32.Build.0 = Release|Any CPU
		{96E71907-6E12-4E85-9A07-BCD348186B12}.Release|x64.ActiveCfg = Release|Any CPU
		{96E71907-6E12-4E85-9A07-BCD348186B12}.Release|x64.Build.0 = Release|Any CPU
		{C5ACA0F2-4AB2-4538-B0E0-267B01F496C8}.Debug|Any CPU.ActiveCfg = Debug|Any CPU
		{C5ACA0F2-4AB2-4538-B0E0-267B01F496C8}.Debug|Any CPU.Build.0 = Debug|Any CPU
		{C5ACA0F2-4AB2-4538-B0E0-267B01F496C8}.Debug|ARM.ActiveCfg = Debug|Any CPU
		{C5ACA0F2-4AB2-4538-B0E0-267B01F496C8}.Debug|ARM.Build.0 = Debug|Any CPU
		{C5ACA0F2-4AB2-4538-B0E0-267B01F496C8}.Debug|ARM64.ActiveCfg = Debug|Any CPU
		{C5ACA0F2-4AB2-4538-B0E0-267B01F496C8}.Debug|ARM64.Build.0 = Debug|Any CPU
		{C5ACA0F2-4AB2-4538-B0E0-267B01F496C8}.Debug|Win32.ActiveCfg = Debug|Any CPU
		{C5ACA0F2-4AB2-4538-B0E0-267B01F496C8}.Debug|Win32.Build.0 = Debug|Any CPU
		{C5ACA0F2-4AB2-4538-B0E0-267B01F496C8}.Debug|x64.ActiveCfg = Debug|Any CPU
		{C5ACA0F2-4AB2-4538-B0E0-267B01F496C8}.Debug|x64.Build.0 = Debug|Any CPU
		{C5ACA0F2-4AB2-4538-B0E0-267B01F496C8}.Release|Any CPU.ActiveCfg = Release|Any CPU
		{C5ACA0F2-4AB2-4538-B0E0-267B01F496C8}.Release|Any CPU.Build.0 = Release|Any CPU
		{C5ACA0F2-4AB2-4538-B0E0-267B01F496C8}.Release|ARM.ActiveCfg = Release|Any CPU
		{C5ACA0F2-4AB2-4538-B0E0-267B01F496C8}.Release|ARM.Build.0 = Release|Any CPU
		{C5ACA0F2-4AB2-4538-B0E0-267B01F496C8}.Release|ARM64.ActiveCfg = Release|Any CPU
		{C5ACA0F2-4AB2-4538-B0E0-267B01F496C8}.Release|ARM64.Build.0 = Release|Any CPU
		{C5ACA0F2-4AB2-4538-B0E0-267B01F496C8}.Release|Win32.ActiveCfg = Release|Any CPU
		{C5ACA0F2-4AB2-4538-B0E0-267B01F496C8}.Release|Win32.Build.0 = Release|Any CPU
		{C5ACA0F2-4AB2-4538-B0E0-267B01F496C8}.Release|x64.ActiveCfg = Release|Any CPU
		{C5ACA0F2-4AB2-4538-B0E0-267B01F496C8}.Release|x64.Build.0 = Release|Any CPU
		{850CBA5A-2421-4101-BFAD-244EC3EAC158}.Debug|Any CPU.ActiveCfg = Debug|Any CPU
		{850CBA5A-2421-4101-BFAD-244EC3EAC158}.Debug|Any CPU.Build.0 = Debug|Any CPU
		{850CBA5A-2421-4101-BFAD-244EC3EAC158}.Debug|ARM.ActiveCfg = Debug|Any CPU
		{850CBA5A-2421-4101-BFAD-244EC3EAC158}.Debug|ARM.Build.0 = Debug|Any CPU
		{850CBA5A-2421-4101-BFAD-244EC3EAC158}.Debug|ARM64.ActiveCfg = Debug|Any CPU
		{850CBA5A-2421-4101-BFAD-244EC3EAC158}.Debug|ARM64.Build.0 = Debug|Any CPU
		{850CBA5A-2421-4101-BFAD-244EC3EAC158}.Debug|Win32.ActiveCfg = Debug|Any CPU
		{850CBA5A-2421-4101-BFAD-244EC3EAC158}.Debug|Win32.Build.0 = Debug|Any CPU
		{850CBA5A-2421-4101-BFAD-244EC3EAC158}.Debug|x64.ActiveCfg = Debug|Any CPU
		{850CBA5A-2421-4101-BFAD-244EC3EAC158}.Debug|x64.Build.0 = Debug|Any CPU
		{850CBA5A-2421-4101-BFAD-244EC3EAC158}.Release|Any CPU.ActiveCfg = Release|Any CPU
		{850CBA5A-2421-4101-BFAD-244EC3EAC158}.Release|Any CPU.Build.0 = Release|Any CPU
		{850CBA5A-2421-4101-BFAD-244EC3EAC158}.Release|ARM.ActiveCfg = Release|Any CPU
		{850CBA5A-2421-4101-BFAD-244EC3EAC158}.Release|ARM.Build.0 = Release|Any CPU
		{850CBA5A-2421-4101-BFAD-244EC3EAC158}.Release|ARM64.ActiveCfg = Release|Any CPU
		{850CBA5A-2421-4101-BFAD-244EC3EAC158}.Release|ARM64.Build.0 = Release|Any CPU
		{850CBA5A-2421-4101-BFAD-244EC3EAC158}.Release|Win32.ActiveCfg = Release|Any CPU
		{850CBA5A-2421-4101-BFAD-244EC3EAC158}.Release|Win32.Build.0 = Release|Any CPU
		{850CBA5A-2421-4101-BFAD-244EC3EAC158}.Release|x64.ActiveCfg = Release|Any CPU
		{850CBA5A-2421-4101-BFAD-244EC3EAC158}.Release|x64.Build.0 = Release|Any CPU
		{C4C32B19-83AF-4098-8426-DCEB160537D3}.Debug|Any CPU.ActiveCfg = Debug|Any CPU
		{C4C32B19-83AF-4098-8426-DCEB160537D3}.Debug|Any CPU.Build.0 = Debug|Any CPU
		{C4C32B19-83AF-4098-8426-DCEB160537D3}.Debug|ARM.ActiveCfg = Debug|Any CPU
		{C4C32B19-83AF-4098-8426-DCEB160537D3}.Debug|ARM.Build.0 = Debug|Any CPU
		{C4C32B19-83AF-4098-8426-DCEB160537D3}.Debug|ARM64.ActiveCfg = Debug|Any CPU
		{C4C32B19-83AF-4098-8426-DCEB160537D3}.Debug|ARM64.Build.0 = Debug|Any CPU
		{C4C32B19-83AF-4098-8426-DCEB160537D3}.Debug|Win32.ActiveCfg = Debug|Any CPU
		{C4C32B19-83AF-4098-8426-DCEB160537D3}.Debug|Win32.Build.0 = Debug|Any CPU
		{C4C32B19-83AF-4098-8426-DCEB160537D3}.Debug|x64.ActiveCfg = Debug|Any CPU
		{C4C32B19-83AF-4098-8426-DCEB160537D3}.Debug|x64.Build.0 = Debug|Any CPU
		{C4C32B19-83AF-4098-8426-DCEB160537D3}.Release|Any CPU.ActiveCfg = Release|Any CPU
		{C4C32B19-83AF-4098-8426-DCEB160537D3}.Release|Any CPU.Build.0 = Release|Any CPU
		{C4C32B19-83AF-4098-8426-DCEB160537D3}.Release|ARM.ActiveCfg = Release|Any CPU
		{C4C32B19-83AF-4098-8426-DCEB160537D3}.Release|ARM.Build.0 = Release|Any CPU
		{C4C32B19-83AF-4098-8426-DCEB160537D3}.Release|ARM64.ActiveCfg = Release|Any CPU
		{C4C32B19-83AF-4098-8426-DCEB160537D3}.Release|ARM64.Build.0 = Release|Any CPU
		{C4C32B19-83AF-4098-8426-DCEB160537D3}.Release|Win32.ActiveCfg = Release|Any CPU
		{C4C32B19-83AF-4098-8426-DCEB160537D3}.Release|Win32.Build.0 = Release|Any CPU
		{C4C32B19-83AF-4098-8426-DCEB160537D3}.Release|x64.ActiveCfg = Release|Any CPU
		{C4C32B19-83AF-4098-8426-DCEB160537D3}.Release|x64.Build.0 = Release|Any CPU
	EndGlobalSection
	GlobalSection(SolutionProperties) = preSolution
		HideSolutionNode = FALSE
	EndGlobalSection
	GlobalSection(NestedProjects) = preSolution
		{DF0830FE-A835-4CBE-A01E-CC993304528D} = {67C783BC-DF7C-42FE-B696-08489B4C38B0}
		{0040B0D2-0741-4A38-A489-4ACFF5E58814} = {67C783BC-DF7C-42FE-B696-08489B4C38B0}
		{07B92AB7-3664-413D-81AA-2C2C705D4294} = {9EEC01AD-8259-4264-8D2B-A5C9F3594D45}
		{BDEDC5E8-151F-46D3-9458-4B2501F68BCB} = {67C783BC-DF7C-42FE-B696-08489B4C38B0}
		{8A8E8DB1-3479-46F9-80A0-02EF8B9DB05F} = {9EEC01AD-8259-4264-8D2B-A5C9F3594D45}
		{E4FC3A70-A50F-4B8D-9E01-0B92C9BEEC34} = {67C783BC-DF7C-42FE-B696-08489B4C38B0}
		{0563AA0A-072F-4D6A-BE37-2B28F08E126F} = {67C783BC-DF7C-42FE-B696-08489B4C38B0}
		{8054C80A-718C-48B9-B4B5-A91D1BF90E08} = {67C783BC-DF7C-42FE-B696-08489B4C38B0}
		{6279C845-92F8-4333-AB99-3D213163593C} = {67FFF317-2076-41C9-B36C-40D9B819D75A}
		{E08A6F42-CB0C-4B2F-94C9-DEB9D1FDB173} = {67FFF317-2076-41C9-B36C-40D9B819D75A}
		{904DD8E5-E542-4DAB-8FEB-C1485EB136D1} = {67FFF317-2076-41C9-B36C-40D9B819D75A}
		{70122E0A-8A3A-45F1-8E12-B7C3BC866278} = {67FFF317-2076-41C9-B36C-40D9B819D75A}
		{96E71907-6E12-4E85-9A07-BCD348186B12} = {67FFF317-2076-41C9-B36C-40D9B819D75A}
		{C5ACA0F2-4AB2-4538-B0E0-267B01F496C8} = {67FFF317-2076-41C9-B36C-40D9B819D75A}
		{67FFF317-2076-41C9-B36C-40D9B819D75A} = {9EEC01AD-8259-4264-8D2B-A5C9F3594D45}
		{850CBA5A-2421-4101-BFAD-244EC3EAC158} = {9EEC01AD-8259-4264-8D2B-A5C9F3594D45}
		{B065B790-FEFC-48A1-AF8C-91FC828FAC58} = {9EEC01AD-8259-4264-8D2B-A5C9F3594D45}
		{C4C32B19-83AF-4098-8426-DCEB160537D3} = {B065B790-FEFC-48A1-AF8C-91FC828FAC58}
		{EE0DD519-63FA-4325-AF26-562C836D89C4} = {9EEC01AD-8259-4264-8D2B-A5C9F3594D45}
	EndGlobalSection
	GlobalSection(ExtensibilityGlobals) = postSolution
		SolutionGuid = {141C017B-1FD5-4F83-9E3E-877BE82F908F}
	EndGlobalSection
	GlobalSection(TestCaseManagementSettings) = postSolution
		CategoryFile = TMS.vsmdi
	EndGlobalSection
EndGlobal
