
Microsoft Visual Studio Solution File, Format Version 12.00
# Visual Studio Version 16
VisualStudioVersion = 16.0.30114.105
MinimumVisualStudioVersion = 10.0.40219.1
Project("{2150E333-8FDC-42A3-9474-1A3956D46DE8}") = "Libs", "Libs", "{67C783BC-DF7C-42FE-B696-08489B4C38B0}"
EndProject
Project("{2150E333-8FDC-42A3-9474-1A3956D46DE8}") = "App", "App", "{9EEC01AD-8259-4264-8D2B-A5C9F3594D45}"
EndProject
Project("{8BC9CEB8-8B4A-11D0-8D11-00A0C91BC942}") = "RecCore", "..\..\RecCore\Lib\RecCore.vcxproj", "{DF0830FE-A835-4CBE-A01E-CC993304528D}"
EndProject
Project("{8BC9CEB8-8B4A-11D0-8D11-00A0C91BC942}") = "GBEmu.Lib", "GBEmu.Lib\GBEmu.Lib.vcxproj", "{0040B0D2-0741-4A38-A489-4ACFF5E58814}"
	ProjectSection(ProjectDependencies) = postProject
		{BDEDC5E8-151F-46D3-9458-4B2501F68BCB} = {BDEDC5E8-151F-46D3-9458-4B2501F68BCB}
	EndProjectSection
EndProject
Project("{8BC9CEB8-8B4A-11D0-8D11-00A0C91BC942}") = "GBEmu.Frontend.Win32", "GBEmu.Frontend.Win32\GBEmu.Frontend.Win32.vcxproj", "{07B92AB7-3664-413D-81AA-2C2C705D4294}"
EndProject
Project("{8BC9CEB8-8B4A-11D0-8D11-00A0C91BC942}") = "Emu.Core", "Emu.Core\Emu.Core.vcxproj", "{BDEDC5E8-151F-46D3-9458-4B2501F68BCB}"
EndProject
Project("{8BC9CEB8-8B4A-11D0-8D11-00A0C91BC942}") = "GBEmu.Frontend.UWP", "GBEmu.Frontend.UWP\GBEmu.Frontend.UWP.vcxproj", "{8A8E8DB1-3479-46F9-80A0-02EF8B9DB05F}"
EndProject
Global
	GlobalSection(SolutionConfigurationPlatforms) = preSolution
		Debug|ARM = Debug|ARM
		Debug|ARM64 = Debug|ARM64
		Debug|Win32 = Debug|Win32
		Debug|x64 = Debug|x64
		Release|ARM = Release|ARM
		Release|ARM64 = Release|ARM64
		Release|Win32 = Release|Win32
		Release|x64 = Release|x64
	EndGlobalSection
	GlobalSection(ProjectConfigurationPlatforms) = postSolution
		{DF0830FE-A835-4CBE-A01E-CC993304528D}.Debug|ARM.ActiveCfg = Debug|Win32
		{DF0830FE-A835-4CBE-A01E-CC993304528D}.Debug|ARM64.ActiveCfg = Debug|Win32
		{DF0830FE-A835-4CBE-A01E-CC993304528D}.Debug|Win32.ActiveCfg = Debug|Win32
		{DF0830FE-A835-4CBE-A01E-CC993304528D}.Debug|Win32.Build.0 = Debug|Win32
		{DF0830FE-A835-4CBE-A01E-CC993304528D}.Debug|x64.ActiveCfg = Debug|x64
		{DF0830FE-A835-4CBE-A01E-CC993304528D}.Debug|x64.Build.0 = Debug|x64
		{DF0830FE-A835-4CBE-A01E-CC993304528D}.Release|ARM.ActiveCfg = Release|Win32
		{DF0830FE-A835-4CBE-A01E-CC993304528D}.Release|ARM64.ActiveCfg = Release|Win32
		{DF0830FE-A835-4CBE-A01E-CC993304528D}.Release|Win32.ActiveCfg = Release|Win32
		{DF0830FE-A835-4CBE-A01E-CC993304528D}.Release|Win32.Build.0 = Release|Win32
		{DF0830FE-A835-4CBE-A01E-CC993304528D}.Release|x64.ActiveCfg = Release|x64
		{DF0830FE-A835-4CBE-A01E-CC993304528D}.Release|x64.Build.0 = Release|x64
		{0040B0D2-0741-4A38-A489-4ACFF5E58814}.Debug|ARM.ActiveCfg = Debug|Win32
		{0040B0D2-0741-4A38-A489-4ACFF5E58814}.Debug|ARM64.ActiveCfg = Debug|Win32
		{0040B0D2-0741-4A38-A489-4ACFF5E58814}.Debug|Win32.ActiveCfg = Debug|Win32
		{0040B0D2-0741-4A38-A489-4ACFF5E58814}.Debug|Win32.Build.0 = Debug|Win32
		{0040B0D2-0741-4A38-A489-4ACFF5E58814}.Debug|x64.ActiveCfg = Debug|x64
		{0040B0D2-0741-4A38-A489-4ACFF5E58814}.Debug|x64.Build.0 = Debug|x64
		{0040B0D2-0741-4A38-A489-4ACFF5E58814}.Release|ARM.ActiveCfg = Release|Win32
		{0040B0D2-0741-4A38-A489-4ACFF5E58814}.Release|ARM64.ActiveCfg = Release|Win32
		{0040B0D2-0741-4A38-A489-4ACFF5E58814}.Release|Win32.ActiveCfg = Release|Win32
		{0040B0D2-0741-4A38-A489-4ACFF5E58814}.Release|Win32.Build.0 = Release|Win32
		{0040B0D2-0741-4A38-A489-4ACFF5E58814}.Release|x64.ActiveCfg = Release|x64
		{0040B0D2-0741-4A38-A489-4ACFF5E58814}.Release|x64.Build.0 = Release|x64
		{07B92AB7-3664-413D-81AA-2C2C705D4294}.Debug|ARM.ActiveCfg = Debug|Win32
		{07B92AB7-3664-413D-81AA-2C2C705D4294}.Debug|ARM64.ActiveCfg = Debug|Win32
		{07B92AB7-3664-413D-81AA-2C2C705D4294}.Debug|Win32.ActiveCfg = Debug|Win32
		{07B92AB7-3664-413D-81AA-2C2C705D4294}.Debug|Win32.Build.0 = Debug|Win32
		{07B92AB7-3664-413D-81AA-2C2C705D4294}.Debug|x64.ActiveCfg = Debug|x64
		{07B92AB7-3664-413D-81AA-2C2C705D4294}.Debug|x64.Build.0 = Debug|x64
		{07B92AB7-3664-413D-81AA-2C2C705D4294}.Release|ARM.ActiveCfg = Release|Win32
		{07B92AB7-3664-413D-81AA-2C2C705D4294}.Release|ARM64.ActiveCfg = Release|Win32
		{07B92AB7-3664-413D-81AA-2C2C705D4294}.Release|Win32.ActiveCfg = Release|Win32
		{07B92AB7-3664-413D-81AA-2C2C705D4294}.Release|Win32.Build.0 = Release|Win32
		{07B92AB7-3664-413D-81AA-2C2C705D4294}.Release|x64.ActiveCfg = Release|x64
		{07B92AB7-3664-413D-81AA-2C2C705D4294}.Release|x64.Build.0 = Release|x64
		{BDEDC5E8-151F-46D3-9458-4B2501F68BCB}.Debug|ARM.ActiveCfg = Debug|Win32
		{BDEDC5E8-151F-46D3-9458-4B2501F68BCB}.Debug|ARM64.ActiveCfg = Debug|Win32
		{BDEDC5E8-151F-46D3-9458-4B2501F68BCB}.Debug|Win32.ActiveCfg = Debug|Win32
		{BDEDC5E8-151F-46D3-9458-4B2501F68BCB}.Debug|Win32.Build.0 = Debug|Win32
		{BDEDC5E8-151F-46D3-9458-4B2501F68BCB}.Debug|x64.ActiveCfg = Debug|x64
		{BDEDC5E8-151F-46D3-9458-4B2501F68BCB}.Debug|x64.Build.0 = Debug|x64
		{BDEDC5E8-151F-46D3-9458-4B2501F68BCB}.Release|ARM.ActiveCfg = Release|Win32
		{BDEDC5E8-151F-46D3-9458-4B2501F68BCB}.Release|ARM64.ActiveCfg = Release|Win32
		{BDEDC5E8-151F-46D3-9458-4B2501F68BCB}.Release|Win32.ActiveCfg = Release|Win32
		{BDEDC5E8-151F-46D3-9458-4B2501F68BCB}.Release|Win32.Build.0 = Release|Win32
		{BDEDC5E8-151F-46D3-9458-4B2501F68BCB}.Release|x64.ActiveCfg = Release|x64
		{BDEDC5E8-151F-46D3-9458-4B2501F68BCB}.Release|x64.Build.0 = Release|x64
		{8A8E8DB1-3479-46F9-80A0-02EF8B9DB05F}.Debug|ARM.ActiveCfg = Debug|ARM
		{8A8E8DB1-3479-46F9-80A0-02EF8B9DB05F}.Debug|ARM.Build.0 = Debug|ARM
		{8A8E8DB1-3479-46F9-80A0-02EF8B9DB05F}.Debug|ARM.Deploy.0 = Debug|ARM
		{8A8E8DB1-3479-46F9-80A0-02EF8B9DB05F}.Debug|ARM64.ActiveCfg = Debug|ARM64
		{8A8E8DB1-3479-46F9-80A0-02EF8B9DB05F}.Debug|ARM64.Build.0 = Debug|ARM64
		{8A8E8DB1-3479-46F9-80A0-02EF8B9DB05F}.Debug|ARM64.Deploy.0 = Debug|ARM64
		{8A8E8DB1-3479-46F9-80A0-02EF8B9DB05F}.Debug|Win32.ActiveCfg = Debug|Win32
		{8A8E8DB1-3479-46F9-80A0-02EF8B9DB05F}.Debug|Win32.Build.0 = Debug|Win32
		{8A8E8DB1-3479-46F9-80A0-02EF8B9DB05F}.Debug|Win32.Deploy.0 = Debug|Win32
		{8A8E8DB1-3479-46F9-80A0-02EF8B9DB05F}.Debug|x64.ActiveCfg = Debug|x64
		{8A8E8DB1-3479-46F9-80A0-02EF8B9DB05F}.Debug|x64.Build.0 = Debug|x64
		{8A8E8DB1-3479-46F9-80A0-02EF8B9DB05F}.Debug|x64.Deploy.0 = Debug|x64
		{8A8E8DB1-3479-46F9-80A0-02EF8B9DB05F}.Release|ARM.ActiveCfg = Release|ARM
		{8A8E8DB1-3479-46F9-80A0-02EF8B9DB05F}.Release|ARM.Build.0 = Release|ARM
		{8A8E8DB1-3479-46F9-80A0-02EF8B9DB05F}.Release|ARM.Deploy.0 = Release|ARM
		{8A8E8DB1-3479-46F9-80A0-02EF8B9DB05F}.Release|ARM64.ActiveCfg = Release|ARM64
		{8A8E8DB1-3479-46F9-80A0-02EF8B9DB05F}.Release|ARM64.Build.0 = Release|ARM64
		{8A8E8DB1-3479-46F9-80A0-02EF8B9DB05F}.Release|ARM64.Deploy.0 = Release|ARM64
		{8A8E8DB1-3479-46F9-80A0-02EF8B9DB05F}.Release|Win32.ActiveCfg = Release|Win32
		{8A8E8DB1-3479-46F9-80A0-02EF8B9DB05F}.Release|Win32.Build.0 = Release|Win32
		{8A8E8DB1-3479-46F9-80A0-02EF8B9DB05F}.Release|Win32.Deploy.0 = Release|Win32
		{8A8E8DB1-3479-46F9-80A0-02EF8B9DB05F}.Release|x64.ActiveCfg = Release|x64
		{8A8E8DB1-3479-46F9-80A0-02EF8B9DB05F}.Release|x64.Build.0 = Release|x64
		{8A8E8DB1-3479-46F9-80A0-02EF8B9DB05F}.Release|x64.Deploy.0 = Release|x64
	EndGlobalSection
	GlobalSection(SolutionProperties) = preSolution
		HideSolutionNode = FALSE
	EndGlobalSection
	GlobalSection(NestedProjects) = preSolution
		{DF0830FE-A835-4CBE-A01E-CC993304528D} = {67C783BC-DF7C-42FE-B696-08489B4C38B0}
		{0040B0D2-0741-4A38-A489-4ACFF5E58814} = {67C783BC-DF7C-42FE-B696-08489B4C38B0}
		{07B92AB7-3664-413D-81AA-2C2C705D4294} = {9EEC01AD-8259-4264-8D2B-A5C9F3594D45}
		{BDEDC5E8-151F-46D3-9458-4B2501F68BCB} = {67C783BC-DF7C-42FE-B696-08489B4C38B0}
		{8A8E8DB1-3479-46F9-80A0-02EF8B9DB05F} = {9EEC01AD-8259-4264-8D2B-A5C9F3594D45}
	EndGlobalSection
	GlobalSection(ExtensibilityGlobals) = postSolution
		SolutionGuid = {141C017B-1FD5-4F83-9E3E-877BE82F908F}
	EndGlobalSection
	GlobalSection(TestCaseManagementSettings) = postSolution
		CategoryFile = TMS.vsmdi
	EndGlobalSection
EndGlobal
